
Microsoft Visual Studio Solution File, Format Version 12.00
# Visual Studio Version 17
VisualStudioVersion = 17.3.32811.315
MinimumVisualStudioVersion = 10.0.40219.1
Project("{FAE04EC0-301F-11D3-BF4B-00C04F79EFBC}") = "18-8-2022", "18-8-2022\18-8-2022.csproj", "{1611919A-1F8C-4568-92BC-11BB80088C1B}"
EndProject
Global
	GlobalSection(SolutionConfigurationPlatforms) = preSolution
		Debug|Any CPU = Debug|Any CPU
		Release|Any CPU = Release|Any CPU
	EndGlobalSection
	GlobalSection(ProjectConfigurationPlatforms) = postSolution
		{1611919A-1F8C-4568-92BC-11BB80088C1B}.Debug|Any CPU.ActiveCfg = Debug|Any CPU
		{1611919A-1F8C-4568-92BC-11BB80088C1B}.Debug|Any CPU.Build.0 = Debug|Any CPU
		{1611919A-1F8C-4568-92BC-11BB80088C1B}.Release|Any CPU.ActiveCfg = Release|Any CPU
		{1611919A-1F8C-4568-92BC-11BB80088C1B}.Release|Any CPU.Build.0 = Release|Any CPU
	EndGlobalSection
	GlobalSection(SolutionProperties) = preSolution
		HideSolutionNode = FALSE
	EndGlobalSection
	GlobalSection(ExtensibilityGlobals) = postSolution
		SolutionGuid = {EDA3DB5D-B55D-4E97-9B6C-82F95A471AA4}
	EndGlobalSection
EndGlobal
